
Microsoft Visual Studio Solution File, Format Version 12.00
# Visual Studio Version 17
VisualStudioVersion = 17.3.32929.385
MinimumVisualStudioVersion = 10.0.40219.1
Project("{9A19103F-16F7-4668-BE54-9A1E7A4F7556}") = "ProductAPI", "ProductAPI\ProductAPI.csproj", "{A33763F5-8E51-4E62-8E2A-7F18DA66011B}"
EndProject
Project("{9A19103F-16F7-4668-BE54-9A1E7A4F7556}") = "ProductWebApp", "ProductWebApp\ProductWebApp.csproj", "{EC4E062E-DBE9-4579-9E2F-3F9354CB341C}"
EndProject
Project("{9A19103F-16F7-4668-BE54-9A1E7A4F7556}") = "XUnitDemo", "XUnitDemo\XUnitDemo.csproj", "{378B6803-30DB-48FC-B925-B0EA0E48C134}"
EndProject
Project("{9A19103F-16F7-4668-BE54-9A1E7A4F7556}") = "SpecFlowProjectTutorial", "SpecFlowProjectTutorial\SpecFlowProjectTutorial.csproj", "{9AA4BA27-DDDF-4A5E-8C21-70264D5A8D43}"
EndProject
Project("{FAE04EC0-301F-11D3-BF4B-00C04F79EFBC}") = "SeleniumXUnitBasic", "SeleniumXUnitBasic\SeleniumXUnitBasic.csproj", "{E948C428-3F64-441D-A0AC-7664372A7310}"
EndProject
Global
	GlobalSection(SolutionConfigurationPlatforms) = preSolution
		Debug|Any CPU = Debug|Any CPU
		Release|Any CPU = Release|Any CPU
	EndGlobalSection
	GlobalSection(ProjectConfigurationPlatforms) = postSolution
		{A33763F5-8E51-4E62-8E2A-7F18DA66011B}.Debug|Any CPU.ActiveCfg = Debug|Any CPU
		{A33763F5-8E51-4E62-8E2A-7F18DA66011B}.Debug|Any CPU.Build.0 = Debug|Any CPU
		{A33763F5-8E51-4E62-8E2A-7F18DA66011B}.Release|Any CPU.ActiveCfg = Release|Any CPU
		{A33763F5-8E51-4E62-8E2A-7F18DA66011B}.Release|Any CPU.Build.0 = Release|Any CPU
		{EC4E062E-DBE9-4579-9E2F-3F9354CB341C}.Debug|Any CPU.ActiveCfg = Debug|Any CPU
		{EC4E062E-DBE9-4579-9E2F-3F9354CB341C}.Debug|Any CPU.Build.0 = Debug|Any CPU
		{EC4E062E-DBE9-4579-9E2F-3F9354CB341C}.Release|Any CPU.ActiveCfg = Release|Any CPU
		{EC4E062E-DBE9-4579-9E2F-3F9354CB341C}.Release|Any CPU.Build.0 = Release|Any CPU
		{378B6803-30DB-48FC-B925-B0EA0E48C134}.Debug|Any CPU.ActiveCfg = Debug|Any CPU
		{378B6803-30DB-48FC-B925-B0EA0E48C134}.Debug|Any CPU.Build.0 = Debug|Any CPU
		{378B6803-30DB-48FC-B925-B0EA0E48C134}.Release|Any CPU.ActiveCfg = Release|Any CPU
		{378B6803-30DB-48FC-B925-B0EA0E48C134}.Release|Any CPU.Build.0 = Release|Any CPU
		{9AA4BA27-DDDF-4A5E-8C21-70264D5A8D43}.Debug|Any CPU.ActiveCfg = Debug|Any CPU
		{9AA4BA27-DDDF-4A5E-8C21-70264D5A8D43}.Debug|Any CPU.Build.0 = Debug|Any CPU
		{9AA4BA27-DDDF-4A5E-8C21-70264D5A8D43}.Release|Any CPU.ActiveCfg = Release|Any CPU
		{9AA4BA27-DDDF-4A5E-8C21-70264D5A8D43}.Release|Any CPU.Build.0 = Release|Any CPU
		{E948C428-3F64-441D-A0AC-7664372A7310}.Debug|Any CPU.ActiveCfg = Debug|Any CPU
		{E948C428-3F64-441D-A0AC-7664372A7310}.Debug|Any CPU.Build.0 = Debug|Any CPU
		{E948C428-3F64-441D-A0AC-7664372A7310}.Release|Any CPU.ActiveCfg = Release|Any CPU
		{E948C428-3F64-441D-A0AC-7664372A7310}.Release|Any CPU.Build.0 = Release|Any CPU
	EndGlobalSection
	GlobalSection(SolutionProperties) = preSolution
		HideSolutionNode = FALSE
	EndGlobalSection
	GlobalSection(ExtensibilityGlobals) = postSolution
		SolutionGuid = {8766954F-EFEF-4154-A6DC-20A103C8EDB2}
	EndGlobalSection
EndGlobal
